
Microsoft Visual Studio Solution File, Format Version 9.00
# Visual Studio 2005
Project("{FAE04EC0-301F-11D3-BF4B-00C04F79EFBC}") = "Mono.Nat", "Mono.Nat\Mono.Nat.csproj", "{F5D74163-145F-47BF-83DC-D0E07249C6CA}"
EndProject
Global
	GlobalSection(SolutionConfigurationPlatforms) = preSolution
		Debug|Any CPU = Debug|Any CPU
		Release|Any CPU = Release|Any CPU
	EndGlobalSection
	GlobalSection(ProjectConfigurationPlatforms) = postSolution
		{F5D74163-145F-47BF-83DC-D0E07249C6CA}.Debug|Any CPU.ActiveCfg = Debug|Any CPU
		{F5D74163-145F-47BF-83DC-D0E07249C6CA}.Debug|Any CPU.Build.0 = Debug|Any CPU
		{F5D74163-145F-47BF-83DC-D0E07249C6CA}.Release|Any CPU.ActiveCfg = Release|Any CPU
		{F5D74163-145F-47BF-83DC-D0E07249C6CA}.Release|Any CPU.Build.0 = Release|Any CPU
	EndGlobalSection
	GlobalSection(MonoDevelopProperties) = preSolution
		name = Mono.Nat
		version = 0.1
		StartupItem = Mono.Nat\Mono.Nat.csproj
	EndGlobalSection
	GlobalSection(SolutionProperties) = preSolution
		HideSolutionNode = FALSE
	EndGlobalSection
EndGlobal
